// !$*UTF8*$!
{
	archiveVersion = 1;
	classes = {
	};
	objectVersion = 46;
	objects = {

/* Begin PBXBuildFile section */
		C11A73FA1FF45DCA00D13714 /* Constant.swift in Sources */ = {isa = PBXBuildFile; fileRef = C11A73F91FF45DCA00D13714 /* Constant.swift */; };
		C11A73FC1FF45E4600D13714 /* DataSource.swift in Sources */ = {isa = PBXBuildFile; fileRef = C11A73FB1FF45E4600D13714 /* DataSource.swift */; };
		C11A73FE1FF45EA800D13714 /* DataSourceDelegate.swift in Sources */ = {isa = PBXBuildFile; fileRef = C11A73FD1FF45EA800D13714 /* DataSourceDelegate.swift */; };
		C11A74001FF45F0400D13714 /* TableViewDataSource.swift in Sources */ = {isa = PBXBuildFile; fileRef = C11A73FF1FF45F0400D13714 /* TableViewDataSource.swift */; };
		C11A74021FF45F5500D13714 /* WebService.swift in Sources */ = {isa = PBXBuildFile; fileRef = C11A74011FF45F5500D13714 /* WebService.swift */; };
		C11A74041FF45F9800D13714 /* WebServiceDelegate.swift in Sources */ = {isa = PBXBuildFile; fileRef = C11A74031FF45F9800D13714 /* WebServiceDelegate.swift */; };
		C12DCF0E1FDB4B22006E6EB9 /* DataTableViewController.swift in Sources */ = {isa = PBXBuildFile; fileRef = C12DCF0D1FDB4B22006E6EB9 /* DataTableViewController.swift */; };
		C12DCF101FE0645A006E6EB9 /* socket.io.js in Resources */ = {isa = PBXBuildFile; fileRef = C12DCF0F1FE0645A006E6EB9 /* socket.io.js */; };
		C12DCF141FE20BF0006E6EB9 /* Guy.swift in Sources */ = {isa = PBXBuildFile; fileRef = C12DCF131FE20BF0006E6EB9 /* Guy.swift */; };
		C12DCF161FE31094006E6EB9 /* CustomCell.swift in Sources */ = {isa = PBXBuildFile; fileRef = C12DCF151FE31094006E6EB9 /* CustomCell.swift */; };
		C1F594A21FD20F21008C04BC /* AppDelegate.swift in Sources */ = {isa = PBXBuildFile; fileRef = C1F594A11FD20F21008C04BC /* AppDelegate.swift */; };
		C1F594AA1FD20F21008C04BC /* NoStoryboard.xcdatamodeld in Sources */ = {isa = PBXBuildFile; fileRef = C1F594A81FD20F21008C04BC /* NoStoryboard.xcdatamodeld */; };
		C1F594AC1FD20F21008C04BC /* Assets.xcassets in Resources */ = {isa = PBXBuildFile; fileRef = C1F594AB1FD20F21008C04BC /* Assets.xcassets */; };
		C1F594AF1FD20F21008C04BC /* LaunchScreen.storyboard in Resources */ = {isa = PBXBuildFile; fileRef = C1F594AD1FD20F21008C04BC /* LaunchScreen.storyboard */; };
		C1F594BF1FD71D3C008C04BC /* MasterViewController.swift in Sources */ = {isa = PBXBuildFile; fileRef = C1F594BE1FD71D3C008C04BC /* MasterViewController.swift */; };
		C1F5953F1FD735F3008C04BC /* font-awesome.css in Resources */ = {isa = PBXBuildFile; fileRef = C1F595171FD735F3008C04BC /* font-awesome.css */; };
		C1F595401FD735F3008C04BC /* font-awesome.min.css in Resources */ = {isa = PBXBuildFile; fileRef = C1F595181FD735F3008C04BC /* font-awesome.min.css */; };
		C1F595411FD735F3008C04BC /* fontawesome-webfont.eot in Resources */ = {isa = PBXBuildFile; fileRef = C1F5951A1FD735F3008C04BC /* fontawesome-webfont.eot */; };
		C1F595421FD735F3008C04BC /* fontawesome-webfont.svg in Resources */ = {isa = PBXBuildFile; fileRef = C1F5951B1FD735F3008C04BC /* fontawesome-webfont.svg */; };
		C1F595431FD735F3008C04BC /* fontawesome-webfont.ttf in Resources */ = {isa = PBXBuildFile; fileRef = C1F5951C1FD735F3008C04BC /* fontawesome-webfont.ttf */; };
		C1F595441FD735F3008C04BC /* fontawesome-webfont.woff in Resources */ = {isa = PBXBuildFile; fileRef = C1F5951D1FD735F3008C04BC /* fontawesome-webfont.woff */; };
		C1F595451FD735F3008C04BC /* fontawesome-webfont.woff2 in Resources */ = {isa = PBXBuildFile; fileRef = C1F5951E1FD735F3008C04BC /* fontawesome-webfont.woff2 */; };
		C1F595461FD735F3008C04BC /* FontAwesome.otf in Resources */ = {isa = PBXBuildFile; fileRef = C1F5951F1FD735F3008C04BC /* FontAwesome.otf */; };
		C1F595471FD735F3008C04BC /* HELP-US-OUT.txt in Resources */ = {isa = PBXBuildFile; fileRef = C1F595201FD735F3008C04BC /* HELP-US-OUT.txt */; };
		C1F595481FD735F3008C04BC /* animated.less in Resources */ = {isa = PBXBuildFile; fileRef = C1F595221FD735F3008C04BC /* animated.less */; };
		C1F595491FD735F3008C04BC /* bordered-pulled.less in Resources */ = {isa = PBXBuildFile; fileRef = C1F595231FD735F3008C04BC /* bordered-pulled.less */; };
		C1F5954A1FD735F3008C04BC /* core.less in Resources */ = {isa = PBXBuildFile; fileRef = C1F595241FD735F3008C04BC /* core.less */; };
		C1F5954B1FD735F3008C04BC /* fixed-width.less in Resources */ = {isa = PBXBuildFile; fileRef = C1F595251FD735F3008C04BC /* fixed-width.less */; };
		C1F5954C1FD735F3008C04BC /* font-awesome.less in Resources */ = {isa = PBXBuildFile; fileRef = C1F595261FD735F3008C04BC /* font-awesome.less */; };
		C1F5954D1FD735F3008C04BC /* icons.less in Resources */ = {isa = PBXBuildFile; fileRef = C1F595271FD735F3008C04BC /* icons.less */; };
		C1F5954E1FD735F3008C04BC /* larger.less in Resources */ = {isa = PBXBuildFile; fileRef = C1F595281FD735F3008C04BC /* larger.less */; };
		C1F5954F1FD735F3008C04BC /* list.less in Resources */ = {isa = PBXBuildFile; fileRef = C1F595291FD735F3008C04BC /* list.less */; };
		C1F595501FD735F3008C04BC /* mixins.less in Resources */ = {isa = PBXBuildFile; fileRef = C1F5952A1FD735F3008C04BC /* mixins.less */; };
		C1F595511FD735F3008C04BC /* path.less in Resources */ = {isa = PBXBuildFile; fileRef = C1F5952B1FD735F3008C04BC /* path.less */; };
		C1F595521FD735F3008C04BC /* rotated-flipped.less in Resources */ = {isa = PBXBuildFile; fileRef = C1F5952C1FD735F3008C04BC /* rotated-flipped.less */; };
		C1F595531FD735F3008C04BC /* screen-reader.less in Resources */ = {isa = PBXBuildFile; fileRef = C1F5952D1FD735F3008C04BC /* screen-reader.less */; };
		C1F595541FD735F3008C04BC /* stacked.less in Resources */ = {isa = PBXBuildFile; fileRef = C1F5952E1FD735F3008C04BC /* stacked.less */; };
		C1F595551FD735F3008C04BC /* variables.less in Resources */ = {isa = PBXBuildFile; fileRef = C1F5952F1FD735F3008C04BC /* variables.less */; };
		C1F595561FD735F3008C04BC /* _animated.scss in Resources */ = {isa = PBXBuildFile; fileRef = C1F595311FD735F3008C04BC /* _animated.scss */; };
		C1F595571FD735F3008C04BC /* _bordered-pulled.scss in Resources */ = {isa = PBXBuildFile; fileRef = C1F595321FD735F3008C04BC /* _bordered-pulled.scss */; };
		C1F595581FD735F3008C04BC /* _core.scss in Resources */ = {isa = PBXBuildFile; fileRef = C1F595331FD735F3008C04BC /* _core.scss */; };
		C1F595591FD735F3008C04BC /* _fixed-width.scss in Resources */ = {isa = PBXBuildFile; fileRef = C1F595341FD735F3008C04BC /* _fixed-width.scss */; };
		C1F5955A1FD735F3008C04BC /* _icons.scss in Resources */ = {isa = PBXBuildFile; fileRef = C1F595351FD735F3008C04BC /* _icons.scss */; };
		C1F5955B1FD735F3008C04BC /* _larger.scss in Resources */ = {isa = PBXBuildFile; fileRef = C1F595361FD735F3008C04BC /* _larger.scss */; };
		C1F5955C1FD735F3008C04BC /* _list.scss in Resources */ = {isa = PBXBuildFile; fileRef = C1F595371FD735F3008C04BC /* _list.scss */; };
		C1F5955D1FD735F3008C04BC /* _mixins.scss in Resources */ = {isa = PBXBuildFile; fileRef = C1F595381FD735F3008C04BC /* _mixins.scss */; };
		C1F5955E1FD735F3008C04BC /* _path.scss in Resources */ = {isa = PBXBuildFile; fileRef = C1F595391FD735F3008C04BC /* _path.scss */; };
		C1F5955F1FD735F3008C04BC /* _rotated-flipped.scss in Resources */ = {isa = PBXBuildFile; fileRef = C1F5953A1FD735F3008C04BC /* _rotated-flipped.scss */; };
		C1F595601FD735F3008C04BC /* _screen-reader.scss in Resources */ = {isa = PBXBuildFile; fileRef = C1F5953B1FD735F3008C04BC /* _screen-reader.scss */; };
		C1F595611FD735F3008C04BC /* _stacked.scss in Resources */ = {isa = PBXBuildFile; fileRef = C1F5953C1FD735F3008C04BC /* _stacked.scss */; };
		C1F595621FD735F3008C04BC /* _variables.scss in Resources */ = {isa = PBXBuildFile; fileRef = C1F5953D1FD735F3008C04BC /* _variables.scss */; };
		C1F595631FD735F3008C04BC /* font-awesome.scss in Resources */ = {isa = PBXBuildFile; fileRef = C1F5953E1FD735F3008C04BC /* font-awesome.scss */; };
		C1F595671FD9FAC6008C04BC /* MasterViewController+Layout.swift in Sources */ = {isa = PBXBuildFile; fileRef = C1F595661FD9FAC6008C04BC /* MasterViewController+Layout.swift */; };
		C1FE53611FE9DED200CADCB1 /* CustomNetwork.swift in Sources */ = {isa = PBXBuildFile; fileRef = C1FE53601FE9DED200CADCB1 /* CustomNetwork.swift */; };
		C1FE53651FEAE71100CADCB1 /* Timer+TimerProps.swift in Sources */ = {isa = PBXBuildFile; fileRef = C1FE53641FEAE71100CADCB1 /* Timer+TimerProps.swift */; };
/* End PBXBuildFile section */

/* Begin PBXFileReference section */
		C11A73F91FF45DCA00D13714 /* Constant.swift */ = {isa = PBXFileReference; fileEncoding = 4; lastKnownFileType = sourcecode.swift; path = Constant.swift; sourceTree = "<group>"; };
		C11A73FB1FF45E4600D13714 /* DataSource.swift */ = {isa = PBXFileReference; fileEncoding = 4; lastKnownFileType = sourcecode.swift; path = DataSource.swift; sourceTree = "<group>"; };
		C11A73FD1FF45EA800D13714 /* DataSourceDelegate.swift */ = {isa = PBXFileReference; fileEncoding = 4; lastKnownFileType = sourcecode.swift; path = DataSourceDelegate.swift; sourceTree = "<group>"; };
		C11A73FF1FF45F0400D13714 /* TableViewDataSource.swift */ = {isa = PBXFileReference; fileEncoding = 4; lastKnownFileType = sourcecode.swift; path = TableViewDataSource.swift; sourceTree = "<group>"; };
		C11A74011FF45F5500D13714 /* WebService.swift */ = {isa = PBXFileReference; fileEncoding = 4; lastKnownFileType = sourcecode.swift; path = WebService.swift; sourceTree = "<group>"; };
		C11A74031FF45F9800D13714 /* WebServiceDelegate.swift */ = {isa = PBXFileReference; fileEncoding = 4; lastKnownFileType = sourcecode.swift; path = WebServiceDelegate.swift; sourceTree = "<group>"; };
		C12DCF0D1FDB4B22006E6EB9 /* DataTableViewController.swift */ = {isa = PBXFileReference; fileEncoding = 4; lastKnownFileType = sourcecode.swift; path = DataTableViewController.swift; sourceTree = "<group>"; };
		C12DCF0F1FE0645A006E6EB9 /* socket.io.js */ = {isa = PBXFileReference; fileEncoding = 4; lastKnownFileType = sourcecode.javascript; path = socket.io.js; sourceTree = "<group>"; };
		C12DCF131FE20BF0006E6EB9 /* Guy.swift */ = {isa = PBXFileReference; fileEncoding = 4; lastKnownFileType = sourcecode.swift; name = Guy.swift; path = ../Guy.swift; sourceTree = "<group>"; };
		C12DCF151FE31094006E6EB9 /* CustomCell.swift */ = {isa = PBXFileReference; fileEncoding = 4; lastKnownFileType = sourcecode.swift; path = CustomCell.swift; sourceTree = "<group>"; };
		C1F5949E1FD20F21008C04BC /* NoStoryboard.app */ = {isa = PBXFileReference; explicitFileType = wrapper.application; includeInIndex = 0; path = NoStoryboard.app; sourceTree = BUILT_PRODUCTS_DIR; };
		C1F594A11FD20F21008C04BC /* AppDelegate.swift */ = {isa = PBXFileReference; lastKnownFileType = sourcecode.swift; path = AppDelegate.swift; sourceTree = "<group>"; };
		C1F594A91FD20F21008C04BC /* NoStoryboard.xcdatamodel */ = {isa = PBXFileReference; lastKnownFileType = wrapper.xcdatamodel; path = NoStoryboard.xcdatamodel; sourceTree = "<group>"; };
		C1F594AB1FD20F21008C04BC /* Assets.xcassets */ = {isa = PBXFileReference; lastKnownFileType = folder.assetcatalog; path = Assets.xcassets; sourceTree = "<group>"; };
		C1F594AE1FD20F21008C04BC /* Base */ = {isa = PBXFileReference; lastKnownFileType = file.storyboard; name = Base; path = Base.lproj/LaunchScreen.storyboard; sourceTree = "<group>"; };
		C1F594B01FD20F21008C04BC /* Info.plist */ = {isa = PBXFileReference; lastKnownFileType = text.plist.xml; path = Info.plist; sourceTree = "<group>"; };
		C1F594BE1FD71D3C008C04BC /* MasterViewController.swift */ = {isa = PBXFileReference; fileEncoding = 4; lastKnownFileType = sourcecode.swift; path = MasterViewController.swift; sourceTree = "<group>"; };
		C1F595171FD735F3008C04BC /* font-awesome.css */ = {isa = PBXFileReference; fileEncoding = 4; lastKnownFileType = text.css; path = "font-awesome.css"; sourceTree = "<group>"; };
		C1F595181FD735F3008C04BC /* font-awesome.min.css */ = {isa = PBXFileReference; fileEncoding = 4; lastKnownFileType = text.css; path = "font-awesome.min.css"; sourceTree = "<group>"; };
		C1F5951A1FD735F3008C04BC /* fontawesome-webfont.eot */ = {isa = PBXFileReference; lastKnownFileType = file; path = "fontawesome-webfont.eot"; sourceTree = "<group>"; };
		C1F5951B1FD735F3008C04BC /* fontawesome-webfont.svg */ = {isa = PBXFileReference; fileEncoding = 4; lastKnownFileType = text.xml; path = "fontawesome-webfont.svg"; sourceTree = "<group>"; };
		C1F5951C1FD735F3008C04BC /* fontawesome-webfont.ttf */ = {isa = PBXFileReference; lastKnownFileType = file; path = "fontawesome-webfont.ttf"; sourceTree = "<group>"; };
		C1F5951D1FD735F3008C04BC /* fontawesome-webfont.woff */ = {isa = PBXFileReference; lastKnownFileType = file; path = "fontawesome-webfont.woff"; sourceTree = "<group>"; };
		C1F5951E1FD735F3008C04BC /* fontawesome-webfont.woff2 */ = {isa = PBXFileReference; lastKnownFileType = file; path = "fontawesome-webfont.woff2"; sourceTree = "<group>"; };
		C1F5951F1FD735F3008C04BC /* FontAwesome.otf */ = {isa = PBXFileReference; lastKnownFileType = file; path = FontAwesome.otf; sourceTree = "<group>"; };
		C1F595201FD735F3008C04BC /* HELP-US-OUT.txt */ = {isa = PBXFileReference; fileEncoding = 4; lastKnownFileType = text; path = "HELP-US-OUT.txt"; sourceTree = "<group>"; };
		C1F595221FD735F3008C04BC /* animated.less */ = {isa = PBXFileReference; fileEncoding = 4; lastKnownFileType = text; path = animated.less; sourceTree = "<group>"; };
		C1F595231FD735F3008C04BC /* bordered-pulled.less */ = {isa = PBXFileReference; fileEncoding = 4; lastKnownFileType = text; path = "bordered-pulled.less"; sourceTree = "<group>"; };
		C1F595241FD735F3008C04BC /* core.less */ = {isa = PBXFileReference; fileEncoding = 4; lastKnownFileType = text; path = core.less; sourceTree = "<group>"; };
		C1F595251FD735F3008C04BC /* fixed-width.less */ = {isa = PBXFileReference; fileEncoding = 4; lastKnownFileType = text; path = "fixed-width.less"; sourceTree = "<group>"; };
		C1F595261FD735F3008C04BC /* font-awesome.less */ = {isa = PBXFileReference; fileEncoding = 4; lastKnownFileType = text; path = "font-awesome.less"; sourceTree = "<group>"; };
		C1F595271FD735F3008C04BC /* icons.less */ = {isa = PBXFileReference; fileEncoding = 4; lastKnownFileType = text; path = icons.less; sourceTree = "<group>"; };
		C1F595281FD735F3008C04BC /* larger.less */ = {isa = PBXFileReference; fileEncoding = 4; lastKnownFileType = text; path = larger.less; sourceTree = "<group>"; };
		C1F595291FD735F3008C04BC /* list.less */ = {isa = PBXFileReference; fileEncoding = 4; lastKnownFileType = text; path = list.less; sourceTree = "<group>"; };
		C1F5952A1FD735F3008C04BC /* mixins.less */ = {isa = PBXFileReference; fileEncoding = 4; lastKnownFileType = text; path = mixins.less; sourceTree = "<group>"; };
		C1F5952B1FD735F3008C04BC /* path.less */ = {isa = PBXFileReference; fileEncoding = 4; lastKnownFileType = text; path = path.less; sourceTree = "<group>"; };
		C1F5952C1FD735F3008C04BC /* rotated-flipped.less */ = {isa = PBXFileReference; fileEncoding = 4; lastKnownFileType = text; path = "rotated-flipped.less"; sourceTree = "<group>"; };
		C1F5952D1FD735F3008C04BC /* screen-reader.less */ = {isa = PBXFileReference; fileEncoding = 4; lastKnownFileType = text; path = "screen-reader.less"; sourceTree = "<group>"; };
		C1F5952E1FD735F3008C04BC /* stacked.less */ = {isa = PBXFileReference; fileEncoding = 4; lastKnownFileType = text; path = stacked.less; sourceTree = "<group>"; };
		C1F5952F1FD735F3008C04BC /* variables.less */ = {isa = PBXFileReference; fileEncoding = 4; lastKnownFileType = text; path = variables.less; sourceTree = "<group>"; };
		C1F595311FD735F3008C04BC /* _animated.scss */ = {isa = PBXFileReference; fileEncoding = 4; lastKnownFileType = text; path = _animated.scss; sourceTree = "<group>"; };
		C1F595321FD735F3008C04BC /* _bordered-pulled.scss */ = {isa = PBXFileReference; fileEncoding = 4; lastKnownFileType = text; path = "_bordered-pulled.scss"; sourceTree = "<group>"; };
		C1F595331FD735F3008C04BC /* _core.scss */ = {isa = PBXFileReference; fileEncoding = 4; lastKnownFileType = text; path = _core.scss; sourceTree = "<group>"; };
		C1F595341FD735F3008C04BC /* _fixed-width.scss */ = {isa = PBXFileReference; fileEncoding = 4; lastKnownFileType = text; path = "_fixed-width.scss"; sourceTree = "<group>"; };
		C1F595351FD735F3008C04BC /* _icons.scss */ = {isa = PBXFileReference; fileEncoding = 4; lastKnownFileType = text; path = _icons.scss; sourceTree = "<group>"; };
		C1F595361FD735F3008C04BC /* _larger.scss */ = {isa = PBXFileReference; fileEncoding = 4; lastKnownFileType = text; path = _larger.scss; sourceTree = "<group>"; };
		C1F595371FD735F3008C04BC /* _list.scss */ = {isa = PBXFileReference; fileEncoding = 4; lastKnownFileType = text; path = _list.scss; sourceTree = "<group>"; };
		C1F595381FD735F3008C04BC /* _mixins.scss */ = {isa = PBXFileReference; fileEncoding = 4; lastKnownFileType = text; path = _mixins.scss; sourceTree = "<group>"; };
		C1F595391FD735F3008C04BC /* _path.scss */ = {isa = PBXFileReference; fileEncoding = 4; lastKnownFileType = text; path = _path.scss; sourceTree = "<group>"; };
		C1F5953A1FD735F3008C04BC /* _rotated-flipped.scss */ = {isa = PBXFileReference; fileEncoding = 4; lastKnownFileType = text; path = "_rotated-flipped.scss"; sourceTree = "<group>"; };
		C1F5953B1FD735F3008C04BC /* _screen-reader.scss */ = {isa = PBXFileReference; fileEncoding = 4; lastKnownFileType = text; path = "_screen-reader.scss"; sourceTree = "<group>"; };
		C1F5953C1FD735F3008C04BC /* _stacked.scss */ = {isa = PBXFileReference; fileEncoding = 4; lastKnownFileType = text; path = _stacked.scss; sourceTree = "<group>"; };
		C1F5953D1FD735F3008C04BC /* _variables.scss */ = {isa = PBXFileReference; fileEncoding = 4; lastKnownFileType = text; path = _variables.scss; sourceTree = "<group>"; };
		C1F5953E1FD735F3008C04BC /* font-awesome.scss */ = {isa = PBXFileReference; fileEncoding = 4; lastKnownFileType = text; path = "font-awesome.scss"; sourceTree = "<group>"; };
		C1F595661FD9FAC6008C04BC /* MasterViewController+Layout.swift */ = {isa = PBXFileReference; fileEncoding = 4; lastKnownFileType = sourcecode.swift; path = "MasterViewController+Layout.swift"; sourceTree = "<group>"; };
		C1FE53601FE9DED200CADCB1 /* CustomNetwork.swift */ = {isa = PBXFileReference; fileEncoding = 4; lastKnownFileType = sourcecode.swift; path = CustomNetwork.swift; sourceTree = "<group>"; };
		C1FE53641FEAE71100CADCB1 /* Timer+TimerProps.swift */ = {isa = PBXFileReference; fileEncoding = 4; lastKnownFileType = sourcecode.swift; path = "Timer+TimerProps.swift"; sourceTree = "<group>"; };
/* End PBXFileReference section */

/* Begin PBXFrameworksBuildPhase section */
		C1F5949B1FD20F21008C04BC /* Frameworks */ = {
			isa = PBXFrameworksBuildPhase;
			buildActionMask = 2147483647;
			files = (
			);
			runOnlyForDeploymentPostprocessing = 0;
		};
/* End PBXFrameworksBuildPhase section */

/* Begin PBXGroup section */
		C1F594951FD20F21008C04BC = {
			isa = PBXGroup;
			children = (
				C1F594A01FD20F21008C04BC /* NoStoryboard */,
				C1F5949F1FD20F21008C04BC /* Products */,
			);
			sourceTree = "<group>";
		};
		C1F5949F1FD20F21008C04BC /* Products */ = {
			isa = PBXGroup;
			children = (
				C1F5949E1FD20F21008C04BC /* NoStoryboard.app */,
			);
			name = Products;
			sourceTree = "<group>";
		};
		C1F594A01FD20F21008C04BC /* NoStoryboard */ = {
			isa = PBXGroup;
			children = (
				C1F595151FD735F3008C04BC /* font-awesome-4.7-2.0 */,
				C1F594A11FD20F21008C04BC /* AppDelegate.swift */,
				C12DCF151FE31094006E6EB9 /* CustomCell.swift */,
				C1FE53601FE9DED200CADCB1 /* CustomNetwork.swift */,
				C12DCF0D1FDB4B22006E6EB9 /* DataTableViewController.swift */,
				C1F594BE1FD71D3C008C04BC /* MasterViewController.swift */,
				C1F595661FD9FAC6008C04BC /* MasterViewController+Layout.swift */,
				C1FE53641FEAE71100CADCB1 /* Timer+TimerProps.swift */,
				C12DCF131FE20BF0006E6EB9 /* Guy.swift */,
				C11A73F91FF45DCA00D13714 /* Constant.swift */,
				C11A73FB1FF45E4600D13714 /* DataSource.swift */,
				C11A73FD1FF45EA800D13714 /* DataSourceDelegate.swift */,
				C11A73FF1FF45F0400D13714 /* TableViewDataSource.swift */,
				C11A74011FF45F5500D13714 /* WebService.swift */,
				C11A74031FF45F9800D13714 /* WebServiceDelegate.swift */,
				C1F594AB1FD20F21008C04BC /* Assets.xcassets */,
				C1F594AD1FD20F21008C04BC /* LaunchScreen.storyboard */,
				C1F594B01FD20F21008C04BC /* Info.plist */,
				C1F594A81FD20F21008C04BC /* NoStoryboard.xcdatamodeld */,
				C12DCF0F1FE0645A006E6EB9 /* socket.io.js */,
			);
			path = NoStoryboard;
			sourceTree = "<group>";
		};
		C1F595151FD735F3008C04BC /* font-awesome-4.7-2.0 */ = {
			isa = PBXGroup;
			children = (
				C1F595161FD735F3008C04BC /* css */,
				C1F595191FD735F3008C04BC /* fonts */,
				C1F595201FD735F3008C04BC /* HELP-US-OUT.txt */,
				C1F595211FD735F3008C04BC /* less */,
				C1F595301FD735F3008C04BC /* scss */,
			);
			path = "font-awesome-4.7-2.0";
			sourceTree = "<group>";
		};
		C1F595161FD735F3008C04BC /* css */ = {
			isa = PBXGroup;
			children = (
				C1F595171FD735F3008C04BC /* font-awesome.css */,
				C1F595181FD735F3008C04BC /* font-awesome.min.css */,
			);
			path = css;
			sourceTree = "<group>";
		};
		C1F595191FD735F3008C04BC /* fonts */ = {
			isa = PBXGroup;
			children = (
				C1F5951A1FD735F3008C04BC /* fontawesome-webfont.eot */,
				C1F5951B1FD735F3008C04BC /* fontawesome-webfont.svg */,
				C1F5951C1FD735F3008C04BC /* fontawesome-webfont.ttf */,
				C1F5951D1FD735F3008C04BC /* fontawesome-webfont.woff */,
				C1F5951E1FD735F3008C04BC /* fontawesome-webfont.woff2 */,
				C1F5951F1FD735F3008C04BC /* FontAwesome.otf */,
			);
			path = fonts;
			sourceTree = "<group>";
		};
		C1F595211FD735F3008C04BC /* less */ = {
			isa = PBXGroup;
			children = (
				C1F595221FD735F3008C04BC /* animated.less */,
				C1F595231FD735F3008C04BC /* bordered-pulled.less */,
				C1F595241FD735F3008C04BC /* core.less */,
				C1F595251FD735F3008C04BC /* fixed-width.less */,
				C1F595261FD735F3008C04BC /* font-awesome.less */,
				C1F595271FD735F3008C04BC /* icons.less */,
				C1F595281FD735F3008C04BC /* larger.less */,
				C1F595291FD735F3008C04BC /* list.less */,
				C1F5952A1FD735F3008C04BC /* mixins.less */,
				C1F5952B1FD735F3008C04BC /* path.less */,
				C1F5952C1FD735F3008C04BC /* rotated-flipped.less */,
				C1F5952D1FD735F3008C04BC /* screen-reader.less */,
				C1F5952E1FD735F3008C04BC /* stacked.less */,
				C1F5952F1FD735F3008C04BC /* variables.less */,
			);
			path = less;
			sourceTree = "<group>";
		};
		C1F595301FD735F3008C04BC /* scss */ = {
			isa = PBXGroup;
			children = (
				C1F595311FD735F3008C04BC /* _animated.scss */,
				C1F595321FD735F3008C04BC /* _bordered-pulled.scss */,
				C1F595331FD735F3008C04BC /* _core.scss */,
				C1F595341FD735F3008C04BC /* _fixed-width.scss */,
				C1F595351FD735F3008C04BC /* _icons.scss */,
				C1F595361FD735F3008C04BC /* _larger.scss */,
				C1F595371FD735F3008C04BC /* _list.scss */,
				C1F595381FD735F3008C04BC /* _mixins.scss */,
				C1F595391FD735F3008C04BC /* _path.scss */,
				C1F5953A1FD735F3008C04BC /* _rotated-flipped.scss */,
				C1F5953B1FD735F3008C04BC /* _screen-reader.scss */,
				C1F5953C1FD735F3008C04BC /* _stacked.scss */,
				C1F5953D1FD735F3008C04BC /* _variables.scss */,
				C1F5953E1FD735F3008C04BC /* font-awesome.scss */,
			);
			path = scss;
			sourceTree = "<group>";
		};
/* End PBXGroup section */

/* Begin PBXNativeTarget section */
		C1F5949D1FD20F21008C04BC /* NoStoryboard */ = {
			isa = PBXNativeTarget;
			buildConfigurationList = C1F594B31FD20F21008C04BC /* Build configuration list for PBXNativeTarget "NoStoryboard" */;
			buildPhases = (
				C1F5949A1FD20F21008C04BC /* Sources */,
				C1F5949B1FD20F21008C04BC /* Frameworks */,
				C1F5949C1FD20F21008C04BC /* Resources */,
			);
			buildRules = (
			);
			dependencies = (
			);
			name = NoStoryboard;
			productName = NoStoryboard;
			productReference = C1F5949E1FD20F21008C04BC /* NoStoryboard.app */;
			productType = "com.apple.product-type.application";
		};
/* End PBXNativeTarget section */

/* Begin PBXProject section */
		C1F594961FD20F21008C04BC /* Project object */ = {
			isa = PBXProject;
			attributes = {
				LastSwiftUpdateCheck = 0830;
				LastUpgradeCheck = 0830;
				ORGANIZATIONNAME = "Michael Wood";
				TargetAttributes = {
					C1F5949D1FD20F21008C04BC = {
						CreatedOnToolsVersion = 8.3.3;
						DevelopmentTeam = 98Q5858U9D;
						ProvisioningStyle = Automatic;
						SystemCapabilities = {
							com.apple.BackgroundModes = {
								enabled = 1;
							};
						};
					};
				};
			};
			buildConfigurationList = C1F594991FD20F21008C04BC /* Build configuration list for PBXProject "NoStoryboard" */;
			compatibilityVersion = "Xcode 3.2";
			developmentRegion = English;
			hasScannedForEncodings = 0;
			knownRegions = (
				en,
				Base,
			);
			mainGroup = C1F594951FD20F21008C04BC;
			productRefGroup = C1F5949F1FD20F21008C04BC /* Products */;
			projectDirPath = "";
			projectRoot = "";
			targets = (
				C1F5949D1FD20F21008C04BC /* NoStoryboard */,
			);
		};
/* End PBXProject section */

/* Begin PBXResourcesBuildPhase section */
		C1F5949C1FD20F21008C04BC /* Resources */ = {
			isa = PBXResourcesBuildPhase;
			buildActionMask = 2147483647;
			files = (
				C1F5953F1FD735F3008C04BC /* font-awesome.css in Resources */,
				C1F5954E1FD735F3008C04BC /* larger.less in Resources */,
				C1F595571FD735F3008C04BC /* _bordered-pulled.scss in Resources */,
				C1F5954B1FD735F3008C04BC /* fixed-width.less in Resources */,
				C1F5955A1FD735F3008C04BC /* _icons.scss in Resources */,
				C1F595481FD735F3008C04BC /* animated.less in Resources */,
				C12DCF101FE0645A006E6EB9 /* socket.io.js in Resources */,
				C1F595591FD735F3008C04BC /* _fixed-width.scss in Resources */,
				C1F595611FD735F3008C04BC /* _stacked.scss in Resources */,
				C1F5954F1FD735F3008C04BC /* list.less in Resources */,
				C1F595531FD735F3008C04BC /* screen-reader.less in Resources */,
				C1F594AF1FD20F21008C04BC /* LaunchScreen.storyboard in Resources */,
				C1F595441FD735F3008C04BC /* fontawesome-webfont.woff in Resources */,
				C1F595541FD735F3008C04BC /* stacked.less in Resources */,
				C1F595471FD735F3008C04BC /* HELP-US-OUT.txt in Resources */,
				C1F5954D1FD735F3008C04BC /* icons.less in Resources */,
				C1F5955E1FD735F3008C04BC /* _path.scss in Resources */,
				C1F595431FD735F3008C04BC /* fontawesome-webfont.ttf in Resources */,
				C1F5955C1FD735F3008C04BC /* _list.scss in Resources */,
				C1F595401FD735F3008C04BC /* font-awesome.min.css in Resources */,
				C1F595521FD735F3008C04BC /* rotated-flipped.less in Resources */,
				C1F595561FD735F3008C04BC /* _animated.scss in Resources */,
				C1F5955B1FD735F3008C04BC /* _larger.scss in Resources */,
				C1F595581FD735F3008C04BC /* _core.scss in Resources */,
				C1F5955D1FD735F3008C04BC /* _mixins.scss in Resources */,
				C1F595421FD735F3008C04BC /* fontawesome-webfont.svg in Resources */,
				C1F595621FD735F3008C04BC /* _variables.scss in Resources */,
				C1F595461FD735F3008C04BC /* FontAwesome.otf in Resources */,
				C1F5954A1FD735F3008C04BC /* core.less in Resources */,
				C1F595511FD735F3008C04BC /* path.less in Resources */,
				C1F5954C1FD735F3008C04BC /* font-awesome.less in Resources */,
				C1F595631FD735F3008C04BC /* font-awesome.scss in Resources */,
				C1F595411FD735F3008C04BC /* fontawesome-webfont.eot in Resources */,
				C1F595501FD735F3008C04BC /* mixins.less in Resources */,
				C1F595451FD735F3008C04BC /* fontawesome-webfont.woff2 in Resources */,
				C1F594AC1FD20F21008C04BC /* Assets.xcassets in Resources */,
				C1F595601FD735F3008C04BC /* _screen-reader.scss in Resources */,
				C1F595491FD735F3008C04BC /* bordered-pulled.less in Resources */,
				C1F5955F1FD735F3008C04BC /* _rotated-flipped.scss in Resources */,
				C1F595551FD735F3008C04BC /* variables.less in Resources */,
			);
			runOnlyForDeploymentPostprocessing = 0;
		};
/* End PBXResourcesBuildPhase section */

/* Begin PBXSourcesBuildPhase section */
		C1F5949A1FD20F21008C04BC /* Sources */ = {
			isa = PBXSourcesBuildPhase;
			buildActionMask = 2147483647;
			files = (
				C1F595671FD9FAC6008C04BC /* MasterViewController+Layout.swift in Sources */,
				C12DCF0E1FDB4B22006E6EB9 /* DataTableViewController.swift in Sources */,
				C12DCF141FE20BF0006E6EB9 /* Guy.swift in Sources */,
				C11A74021FF45F5500D13714 /* WebService.swift in Sources */,
				C1F594BF1FD71D3C008C04BC /* MasterViewController.swift in Sources */,
				C1FE53611FE9DED200CADCB1 /* CustomNetwork.swift in Sources */,
				C1F594AA1FD20F21008C04BC /* NoStoryboard.xcdatamodeld in Sources */,
				C11A73FE1FF45EA800D13714 /* DataSourceDelegate.swift in Sources */,
				C11A73FC1FF45E4600D13714 /* DataSource.swift in Sources */,
				C1F594A21FD20F21008C04BC /* AppDelegate.swift in Sources */,
				C12DCF161FE31094006E6EB9 /* CustomCell.swift in Sources */,
				C11A73FA1FF45DCA00D13714 /* Constant.swift in Sources */,
				C1FE53651FEAE71100CADCB1 /* Timer+TimerProps.swift in Sources */,
				C11A74041FF45F9800D13714 /* WebServiceDelegate.swift in Sources */,
				C11A74001FF45F0400D13714 /* TableViewDataSource.swift in Sources */,
			);
			runOnlyForDeploymentPostprocessing = 0;
		};
/* End PBXSourcesBuildPhase section */

/* Begin PBXVariantGroup section */
		C1F594AD1FD20F21008C04BC /* LaunchScreen.storyboard */ = {
			isa = PBXVariantGroup;
			children = (
				C1F594AE1FD20F21008C04BC /* Base */,
			);
			name = LaunchScreen.storyboard;
			sourceTree = "<group>";
		};
/* End PBXVariantGroup section */

/* Begin XCBuildConfiguration section */
		C1F594B11FD20F21008C04BC /* Debug */ = {
			isa = XCBuildConfiguration;
			buildSettings = {
				ALWAYS_SEARCH_USER_PATHS = NO;
				CLANG_ANALYZER_NONNULL = YES;
				CLANG_ANALYZER_NUMBER_OBJECT_CONVERSION = YES_AGGRESSIVE;
				CLANG_CXX_LANGUAGE_STANDARD = "gnu++0x";
				CLANG_CXX_LIBRARY = "libc++";
				CLANG_ENABLE_MODULES = YES;
				CLANG_ENABLE_OBJC_ARC = YES;
				CLANG_WARN_BOOL_CONVERSION = YES;
				CLANG_WARN_CONSTANT_CONVERSION = YES;
				CLANG_WARN_DIRECT_OBJC_ISA_USAGE = YES_ERROR;
				CLANG_WARN_DOCUMENTATION_COMMENTS = YES;
				CLANG_WARN_EMPTY_BODY = YES;
				CLANG_WARN_ENUM_CONVERSION = YES;
				CLANG_WARN_INFINITE_RECURSION = YES;
				CLANG_WARN_INT_CONVERSION = YES;
				CLANG_WARN_OBJC_ROOT_CLASS = YES_ERROR;
				CLANG_WARN_SUSPICIOUS_MOVE = YES;
				CLANG_WARN_UNREACHABLE_CODE = YES;
				CLANG_WARN__DUPLICATE_METHOD_MATCH = YES;
				"CODE_SIGN_IDENTITY[sdk=iphoneos*]" = "iPhone Developer";
				COPY_PHASE_STRIP = NO;
				DEBUG_INFORMATION_FORMAT = dwarf;
				ENABLE_STRICT_OBJC_MSGSEND = YES;
				ENABLE_TESTABILITY = YES;
				GCC_C_LANGUAGE_STANDARD = gnu99;
				GCC_DYNAMIC_NO_PIC = NO;
				GCC_NO_COMMON_BLOCKS = YES;
				GCC_OPTIMIZATION_LEVEL = 0;
				GCC_PREPROCESSOR_DEFINITIONS = (
					"DEBUG=1",
					"$(inherited)",
				);
				GCC_WARN_64_TO_32_BIT_CONVERSION = YES;
				GCC_WARN_ABOUT_RETURN_TYPE = YES_ERROR;
				GCC_WARN_UNDECLARED_SELECTOR = YES;
				GCC_WARN_UNINITIALIZED_AUTOS = YES_AGGRESSIVE;
				GCC_WARN_UNUSED_FUNCTION = YES;
				GCC_WARN_UNUSED_VARIABLE = YES;
				IPHONEOS_DEPLOYMENT_TARGET = 10.3;
				MTL_ENABLE_DEBUG_INFO = YES;
				ONLY_ACTIVE_ARCH = YES;
				SDKROOT = iphoneos;
				SWIFT_ACTIVE_COMPILATION_CONDITIONS = DEBUG;
				SWIFT_OPTIMIZATION_LEVEL = "-Onone";
				TARGETED_DEVICE_FAMILY = "1,2";
			};
			name = Debug;
		};
		C1F594B21FD20F21008C04BC /* Release */ = {
			isa = XCBuildConfiguration;
			buildSettings = {
				ALWAYS_SEARCH_USER_PATHS = NO;
				CLANG_ANALYZER_NONNULL = YES;
				CLANG_ANALYZER_NUMBER_OBJECT_CONVERSION = YES_AGGRESSIVE;
				CLANG_CXX_LANGUAGE_STANDARD = "gnu++0x";
				CLANG_CXX_LIBRARY = "libc++";
				CLANG_ENABLE_MODULES = YES;
				CLANG_ENABLE_OBJC_ARC = YES;
				CLANG_WARN_BOOL_CONVERSION = YES;
				CLANG_WARN_CONSTANT_CONVERSION = YES;
				CLANG_WARN_DIRECT_OBJC_ISA_USAGE = YES_ERROR;
				CLANG_WARN_DOCUMENTATION_COMMENTS = YES;
				CLANG_WARN_EMPTY_BODY = YES;
				CLANG_WARN_ENUM_CONVERSION = YES;
				CLANG_WARN_INFINITE_RECURSION = YES;
				CLANG_WARN_INT_CONVERSION = YES;
				CLANG_WARN_OBJC_ROOT_CLASS = YES_ERROR;
				CLANG_WARN_SUSPICIOUS_MOVE = YES;
				CLANG_WARN_UNREACHABLE_CODE = YES;
				CLANG_WARN__DUPLICATE_METHOD_MATCH = YES;
				"CODE_SIGN_IDENTITY[sdk=iphoneos*]" = "iPhone Developer";
				COPY_PHASE_STRIP = NO;
				DEBUG_INFORMATION_FORMAT = "dwarf-with-dsym";
				ENABLE_NS_ASSERTIONS = NO;
				ENABLE_STRICT_OBJC_MSGSEND = YES;
				GCC_C_LANGUAGE_STANDARD = gnu99;
				GCC_NO_COMMON_BLOCKS = YES;
				GCC_WARN_64_TO_32_BIT_CONVERSION = YES;
				GCC_WARN_ABOUT_RETURN_TYPE = YES_ERROR;
				GCC_WARN_UNDECLARED_SELECTOR = YES;
				GCC_WARN_UNINITIALIZED_AUTOS = YES_AGGRESSIVE;
				GCC_WARN_UNUSED_FUNCTION = YES;
				GCC_WARN_UNUSED_VARIABLE = YES;
				IPHONEOS_DEPLOYMENT_TARGET = 10.3;
				MTL_ENABLE_DEBUG_INFO = NO;
				SDKROOT = iphoneos;
				SWIFT_OPTIMIZATION_LEVEL = "-Owholemodule";
				TARGETED_DEVICE_FAMILY = "1,2";
				VALIDATE_PRODUCT = YES;
			};
			name = Release;
		};
		C1F594B41FD20F21008C04BC /* Debug */ = {
			isa = XCBuildConfiguration;
			buildSettings = {
				ASSETCATALOG_COMPILER_APPICON_NAME = AppIcon;
				DEVELOPMENT_TEAM = 98Q5858U9D;
				INFOPLIST_FILE = NoStoryboard/Info.plist;
				LD_RUNPATH_SEARCH_PATHS = "$(inherited) @executable_path/Frameworks";
				PRODUCT_BUNDLE_IDENTIFIER = com.example.NoStoryboard;
				PRODUCT_NAME = "$(TARGET_NAME)";
				SWIFT_VERSION = 3.0;
			};
			name = Debug;
		};
		C1F594B51FD20F21008C04BC /* Release */ = {
			isa = XCBuildConfiguration;
			buildSettings = {
				ASSETCATALOG_COMPILER_APPICON_NAME = AppIcon;
				DEVELOPMENT_TEAM = 98Q5858U9D;
				INFOPLIST_FILE = NoStoryboard/Info.plist;
				LD_RUNPATH_SEARCH_PATHS = "$(inherited) @executable_path/Frameworks";
				PRODUCT_BUNDLE_IDENTIFIER = com.example.NoStoryboard;
				PRODUCT_NAME = "$(TARGET_NAME)";
				SWIFT_VERSION = 3.0;
			};
			name = Release;
		};
/* End XCBuildConfiguration section */

/* Begin XCConfigurationList section */
		C1F594991FD20F21008C04BC /* Build configuration list for PBXProject "NoStoryboard" */ = {
			isa = XCConfigurationList;
			buildConfigurations = (
				C1F594B11FD20F21008C04BC /* Debug */,
				C1F594B21FD20F21008C04BC /* Release */,
			);
			defaultConfigurationIsVisible = 0;
			defaultConfigurationName = Release;
		};
		C1F594B31FD20F21008C04BC /* Build configuration list for PBXNativeTarget "NoStoryboard" */ = {
			isa = XCConfigurationList;
			buildConfigurations = (
				C1F594B41FD20F21008C04BC /* Debug */,
				C1F594B51FD20F21008C04BC /* Release */,
			);
			defaultConfigurationIsVisible = 0;
			defaultConfigurationName = Release;
		};
/* End XCConfigurationList section */

/* Begin XCVersionGroup section */
		C1F594A81FD20F21008C04BC /* NoStoryboard.xcdatamodeld */ = {
			isa = XCVersionGroup;
			children = (
				C1F594A91FD20F21008C04BC /* NoStoryboard.xcdatamodel */,
			);
			currentVersion = C1F594A91FD20F21008C04BC /* NoStoryboard.xcdatamodel */;
			path = NoStoryboard.xcdatamodeld;
			sourceTree = "<group>";
			versionGroupType = wrapper.xcdatamodel;
		};
/* End XCVersionGroup section */
	};
	rootObject = C1F594961FD20F21008C04BC /* Project object */;
}
